// !$*UTF8*$!
{
	archiveVersion = 1;
	classes = {
	};
	objectVersion = 56;
	objects = {

/* Begin PBXBuildFile section */
		AF5E68682C9BD7E8008DBC6A /* VideoTextDetectorApp.swift in Sources */ = {isa = PBXBuildFile; fileRef = AF5E68672C9BD7E8008DBC6A /* VideoTextDetectorApp.swift */; };
		AF5E686A2C9BD7E8008DBC6A /* ContentView.swift in Sources */ = {isa = PBXBuildFile; fileRef = AF5E68692C9BD7E8008DBC6A /* ContentView.swift */; };
		AF5E686C2C9BD7E9008DBC6A /* Assets.xcassets in Resources */ = {isa = PBXBuildFile; fileRef = AF5E686B2C9BD7E9008DBC6A /* Assets.xcassets */; };
		AF5E686F2C9BD7E9008DBC6A /* Preview Assets.xcassets in Resources */ = {isa = PBXBuildFile; fileRef = AF5E686E2C9BD7E9008DBC6A /* Preview Assets.xcassets */; };
		AF5E687A2C9BD7E9008DBC6A /* VideoTextDetectorTests.swift in Sources */ = {isa = PBXBuildFile; fileRef = AF5E68792C9BD7E9008DBC6A /* VideoTextDetectorTests.swift */; };
		AF5E68842C9BD7E9008DBC6A /* VideoTextDetectorUITests.swift in Sources */ = {isa = PBXBuildFile; fileRef = AF5E68832C9BD7E9008DBC6A /* VideoTextDetectorUITests.swift */; };
		AF5E68862C9BD7E9008DBC6A /* VideoTextDetectorUITestsLaunchTests.swift in Sources */ = {isa = PBXBuildFile; fileRef = AF5E68852C9BD7E9008DBC6A /* VideoTextDetectorUITestsLaunchTests.swift */; };
		AF5E68942C9BD90B008DBC6A /* Vision.framework in Frameworks */ = {isa = PBXBuildFile; fileRef = AF5E68932C9BD90B008DBC6A /* Vision.framework */; };
		AF5E68962C9BD915008DBC6A /* AVFoundation.framework in Frameworks */ = {isa = PBXBuildFile; fileRef = AF5E68952C9BD915008DBC6A /* AVFoundation.framework */; };
		AF9B204A2CA52F7900838404 /* WhisperKit in Frameworks */ = {isa = PBXBuildFile; productRef = AF9B20492CA52F7900838404 /* WhisperKit */; };
		AF9B204C2CA52F7E00838404 /* whisperkit-cli in Frameworks */ = {isa = PBXBuildFile; productRef = AF9B204B2CA52F7E00838404 /* whisperkit-cli */; };
		AFD935F72C9BDC3E00F07B3C /* VideoProcessor.swift in Sources */ = {isa = PBXBuildFile; fileRef = AFD935F62C9BDC3E00F07B3C /* VideoProcessor.swift */; };
		AFD935F92C9BDC7500F07B3C /* VideoPlayer.swift in Sources */ = {isa = PBXBuildFile; fileRef = AFD935F82C9BDC7500F07B3C /* VideoPlayer.swift */; };
		AFE603A22CA53C4E00546E70 /* CoreML.framework in Frameworks */ = {isa = PBXBuildFile; fileRef = AFE603A12CA53C4E00546E70 /* CoreML.framework */; };
/* End PBXBuildFile section */

/* Begin PBXBuildRule section */
		AFDBBCD02CA79AFA0087B143 /* PBXBuildRule */ = {
			isa = PBXBuildRule;
			compilerSpec = com.apple.compilers.proxy.script;
			fileType = folder.mlpackage;
			inputFiles = (
			);
			isEditable = 1;
			outputFiles = (
			);
			script = "# coremlc\n";
		};
/* End PBXBuildRule section */

/* Begin PBXContainerItemProxy section */
		AF5E68762C9BD7E9008DBC6A /* PBXContainerItemProxy */ = {
			isa = PBXContainerItemProxy;
			containerPortal = AF5E685C2C9BD7E8008DBC6A /* Project object */;
			proxyType = 1;
			remoteGlobalIDString = AF5E68632C9BD7E8008DBC6A;
			remoteInfo = VideoTextDetector;
		};
		AF5E68802C9BD7E9008DBC6A /* PBXContainerItemProxy */ = {
			isa = PBXContainerItemProxy;
			containerPortal = AF5E685C2C9BD7E8008DBC6A /* Project object */;
			proxyType = 1;
			remoteGlobalIDString = AF5E68632C9BD7E8008DBC6A;
			remoteInfo = VideoTextDetector;
		};
/* End PBXContainerItemProxy section */

/* Begin PBXFileReference section */
		AF5E68642C9BD7E8008DBC6A /* VideoTextDetector.app */ = {isa = PBXFileReference; explicitFileType = wrapper.application; includeInIndex = 0; path = VideoTextDetector.app; sourceTree = BUILT_PRODUCTS_DIR; };
		AF5E68672C9BD7E8008DBC6A /* VideoTextDetectorApp.swift */ = {isa = PBXFileReference; lastKnownFileType = sourcecode.swift; path = VideoTextDetectorApp.swift; sourceTree = "<group>"; };
		AF5E68692C9BD7E8008DBC6A /* ContentView.swift */ = {isa = PBXFileReference; lastKnownFileType = sourcecode.swift; path = ContentView.swift; sourceTree = "<group>"; };
		AF5E686B2C9BD7E9008DBC6A /* Assets.xcassets */ = {isa = PBXFileReference; lastKnownFileType = folder.assetcatalog; path = Assets.xcassets; sourceTree = "<group>"; };
		AF5E686E2C9BD7E9008DBC6A /* Preview Assets.xcassets */ = {isa = PBXFileReference; lastKnownFileType = folder.assetcatalog; path = "Preview Assets.xcassets"; sourceTree = "<group>"; };
		AF5E68702C9BD7E9008DBC6A /* VideoTextDetector.entitlements */ = {isa = PBXFileReference; lastKnownFileType = text.plist.entitlements; path = VideoTextDetector.entitlements; sourceTree = "<group>"; };
		AF5E68752C9BD7E9008DBC6A /* VideoTextDetectorTests.xctest */ = {isa = PBXFileReference; explicitFileType = wrapper.cfbundle; includeInIndex = 0; path = VideoTextDetectorTests.xctest; sourceTree = BUILT_PRODUCTS_DIR; };
		AF5E68792C9BD7E9008DBC6A /* VideoTextDetectorTests.swift */ = {isa = PBXFileReference; lastKnownFileType = sourcecode.swift; path = VideoTextDetectorTests.swift; sourceTree = "<group>"; };
		AF5E687F2C9BD7E9008DBC6A /* VideoTextDetectorUITests.xctest */ = {isa = PBXFileReference; explicitFileType = wrapper.cfbundle; includeInIndex = 0; path = VideoTextDetectorUITests.xctest; sourceTree = BUILT_PRODUCTS_DIR; };
		AF5E68832C9BD7E9008DBC6A /* VideoTextDetectorUITests.swift */ = {isa = PBXFileReference; lastKnownFileType = sourcecode.swift; path = VideoTextDetectorUITests.swift; sourceTree = "<group>"; };
		AF5E68852C9BD7E9008DBC6A /* VideoTextDetectorUITestsLaunchTests.swift */ = {isa = PBXFileReference; lastKnownFileType = sourcecode.swift; path = VideoTextDetectorUITestsLaunchTests.swift; sourceTree = "<group>"; };
		AF5E68932C9BD90B008DBC6A /* Vision.framework */ = {isa = PBXFileReference; lastKnownFileType = wrapper.framework; name = Vision.framework; path = System/Library/Frameworks/Vision.framework; sourceTree = SDKROOT; };
		AF5E68952C9BD915008DBC6A /* AVFoundation.framework */ = {isa = PBXFileReference; lastKnownFileType = wrapper.framework; name = AVFoundation.framework; path = System/Library/Frameworks/AVFoundation.framework; sourceTree = SDKROOT; };
		AFD935F62C9BDC3E00F07B3C /* VideoProcessor.swift */ = {isa = PBXFileReference; lastKnownFileType = sourcecode.swift; path = VideoProcessor.swift; sourceTree = "<group>"; };
		AFD935F82C9BDC7500F07B3C /* VideoPlayer.swift */ = {isa = PBXFileReference; lastKnownFileType = sourcecode.swift; path = VideoPlayer.swift; sourceTree = "<group>"; };
		AFDBBC4C2CA71D6D0087B143 /* AudioEncoder.mlmodelc */ = {isa = PBXFileReference; lastKnownFileType = wrapper; path = AudioEncoder.mlmodelc; sourceTree = "<group>"; };
		AFDBBC4D2CA71D6D0087B143 /* config.json */ = {isa = PBXFileReference; lastKnownFileType = text.json; path = config.json; sourceTree = "<group>"; };
		AFDBBC4E2CA71D6D0087B143 /* generation_config.json */ = {isa = PBXFileReference; lastKnownFileType = text.json; path = generation_config.json; sourceTree = "<group>"; };
		AFDBBC4F2CA71D6D0087B143 /* MelSpectrogram.mlmodelc */ = {isa = PBXFileReference; lastKnownFileType = wrapper; path = MelSpectrogram.mlmodelc; sourceTree = "<group>"; };
		AFDBBC502CA71D6D0087B143 /* TextDecoder.mlmodelc */ = {isa = PBXFileReference; lastKnownFileType = wrapper; path = TextDecoder.mlmodelc; sourceTree = "<group>"; };
		AFDBBC522CA71D6D0087B143 /* AudioEncoder.mlmodelc */ = {isa = PBXFileReference; lastKnownFileType = wrapper; path = AudioEncoder.mlmodelc; sourceTree = "<group>"; };
		AFDBBC532CA71D6D0087B143 /* config.json */ = {isa = PBXFileReference; lastKnownFileType = text.json; path = config.json; sourceTree = "<group>"; };
		AFDBBC542CA71D6D0087B143 /* generation_config.json */ = {isa = PBXFileReference; lastKnownFileType = text.json; path = generation_config.json; sourceTree = "<group>"; };
		AFDBBC552CA71D6D0087B143 /* MelSpectrogram.mlmodelc */ = {isa = PBXFileReference; lastKnownFileType = wrapper; path = MelSpectrogram.mlmodelc; sourceTree = "<group>"; };
		AFDBBC562CA71D6D0087B143 /* TextDecoder.mlmodelc */ = {isa = PBXFileReference; lastKnownFileType = wrapper; path = TextDecoder.mlmodelc; sourceTree = "<group>"; };
		AFDBBC582CA71D6D0087B143 /* AudioEncoder.mlmodelc */ = {isa = PBXFileReference; lastKnownFileType = wrapper; path = AudioEncoder.mlmodelc; sourceTree = "<group>"; };
		AFDBBC592CA71D6D0087B143 /* config.json */ = {isa = PBXFileReference; lastKnownFileType = text.json; path = config.json; sourceTree = "<group>"; };
		AFDBBC5A2CA71D6D0087B143 /* generation_config.json */ = {isa = PBXFileReference; lastKnownFileType = text.json; path = generation_config.json; sourceTree = "<group>"; };
		AFDBBC5B2CA71D6D0087B143 /* MelSpectrogram.mlmodelc */ = {isa = PBXFileReference; lastKnownFileType = wrapper; path = MelSpectrogram.mlmodelc; sourceTree = "<group>"; };
		AFDBBC5C2CA71D6D0087B143 /* TextDecoder.mlmodelc */ = {isa = PBXFileReference; lastKnownFileType = wrapper; path = TextDecoder.mlmodelc; sourceTree = "<group>"; };
		AFDBBC5D2CA71D6D0087B143 /* TextDecoderContextPrefill.mlmodelc */ = {isa = PBXFileReference; lastKnownFileType = wrapper; path = TextDecoderContextPrefill.mlmodelc; sourceTree = "<group>"; };
		AFDBBC5F2CA71D6D0087B143 /* AudioEncoder.mlmodelc */ = {isa = PBXFileReference; lastKnownFileType = wrapper; path = AudioEncoder.mlmodelc; sourceTree = "<group>"; };
		AFDBBC602CA71D6D0087B143 /* config.json */ = {isa = PBXFileReference; lastKnownFileType = text.json; path = config.json; sourceTree = "<group>"; };
		AFDBBC612CA71D6D0087B143 /* generation_config.json */ = {isa = PBXFileReference; lastKnownFileType = text.json; path = generation_config.json; sourceTree = "<group>"; };
		AFDBBC622CA71D6D0087B143 /* MelSpectrogram.mlmodelc */ = {isa = PBXFileReference; lastKnownFileType = wrapper; path = MelSpectrogram.mlmodelc; sourceTree = "<group>"; };
		AFDBBC632CA71D6D0087B143 /* TextDecoder.mlmodelc */ = {isa = PBXFileReference; lastKnownFileType = wrapper; path = TextDecoder.mlmodelc; sourceTree = "<group>"; };
		AFDBBC642CA71D6D0087B143 /* TextDecoderContextPrefill.mlmodelc */ = {isa = PBXFileReference; lastKnownFileType = wrapper; path = TextDecoderContextPrefill.mlmodelc; sourceTree = "<group>"; };
		AFDBBC662CA71D6D0087B143 /* AudioEncoder.mlmodelc */ = {isa = PBXFileReference; lastKnownFileType = wrapper; path = AudioEncoder.mlmodelc; sourceTree = "<group>"; };
		AFDBBC672CA71D6D0087B143 /* config.json */ = {isa = PBXFileReference; lastKnownFileType = text.json; path = config.json; sourceTree = "<group>"; };
		AFDBBC682CA71D6D0087B143 /* generation_config.json */ = {isa = PBXFileReference; lastKnownFileType = text.json; path = generation_config.json; sourceTree = "<group>"; };
		AFDBBC692CA71D6D0087B143 /* MelSpectrogram.mlmodelc */ = {isa = PBXFileReference; lastKnownFileType = wrapper; path = MelSpectrogram.mlmodelc; sourceTree = "<group>"; };
		AFDBBC6A2CA71D6D0087B143 /* TextDecoder.mlmodelc */ = {isa = PBXFileReference; lastKnownFileType = wrapper; path = TextDecoder.mlmodelc; sourceTree = "<group>"; };
		AFDBBC6C2CA71D6D0087B143 /* AudioEncoder.mlmodelc */ = {isa = PBXFileReference; lastKnownFileType = wrapper; path = AudioEncoder.mlmodelc; sourceTree = "<group>"; };
		AFDBBC6D2CA71D6D0087B143 /* config.json */ = {isa = PBXFileReference; lastKnownFileType = text.json; path = config.json; sourceTree = "<group>"; };
		AFDBBC6E2CA71D6D0087B143 /* generation_config.json */ = {isa = PBXFileReference; lastKnownFileType = text.json; path = generation_config.json; sourceTree = "<group>"; };
		AFDBBC6F2CA71D6D0087B143 /* MelSpectrogram.mlmodelc */ = {isa = PBXFileReference; lastKnownFileType = wrapper; path = MelSpectrogram.mlmodelc; sourceTree = "<group>"; };
		AFDBBC702CA71D6D0087B143 /* TextDecoder.mlmodelc */ = {isa = PBXFileReference; lastKnownFileType = wrapper; path = TextDecoder.mlmodelc; sourceTree = "<group>"; };
		AFDBBC722CA71D6D0087B143 /* AudioEncoder.mlmodelc */ = {isa = PBXFileReference; lastKnownFileType = wrapper; path = AudioEncoder.mlmodelc; sourceTree = "<group>"; };
		AFDBBC732CA71D6D0087B143 /* config.json */ = {isa = PBXFileReference; lastKnownFileType = text.json; path = config.json; sourceTree = "<group>"; };
		AFDBBC742CA71D6D0087B143 /* generation_config.json */ = {isa = PBXFileReference; lastKnownFileType = text.json; path = generation_config.json; sourceTree = "<group>"; };
		AFDBBC752CA71D6D0087B143 /* MelSpectrogram.mlmodelc */ = {isa = PBXFileReference; lastKnownFileType = wrapper; path = MelSpectrogram.mlmodelc; sourceTree = "<group>"; };
		AFDBBC762CA71D6D0087B143 /* TextDecoder.mlmodelc */ = {isa = PBXFileReference; lastKnownFileType = wrapper; path = TextDecoder.mlmodelc; sourceTree = "<group>"; };
		AFDBBC782CA71D6D0087B143 /* AudioEncoder.mlmodelc */ = {isa = PBXFileReference; lastKnownFileType = wrapper; path = AudioEncoder.mlmodelc; sourceTree = "<group>"; };
		AFDBBC792CA71D6D0087B143 /* config.json */ = {isa = PBXFileReference; lastKnownFileType = text.json; path = config.json; sourceTree = "<group>"; };
		AFDBBC7A2CA71D6D0087B143 /* generation_config.json */ = {isa = PBXFileReference; lastKnownFileType = text.json; path = generation_config.json; sourceTree = "<group>"; };
		AFDBBC7B2CA71D6D0087B143 /* MelSpectrogram.mlmodelc */ = {isa = PBXFileReference; lastKnownFileType = wrapper; path = MelSpectrogram.mlmodelc; sourceTree = "<group>"; };
		AFDBBC7C2CA71D6D0087B143 /* TextDecoder.mlmodelc */ = {isa = PBXFileReference; lastKnownFileType = wrapper; path = TextDecoder.mlmodelc; sourceTree = "<group>"; };
		AFDBBC7E2CA71D6D0087B143 /* AudioEncoder.mlmodelc */ = {isa = PBXFileReference; lastKnownFileType = wrapper; path = AudioEncoder.mlmodelc; sourceTree = "<group>"; };
		AFDBBC7F2CA71D6D0087B143 /* config.json */ = {isa = PBXFileReference; lastKnownFileType = text.json; path = config.json; sourceTree = "<group>"; };
		AFDBBC802CA71D6D0087B143 /* generation_config.json */ = {isa = PBXFileReference; lastKnownFileType = text.json; path = generation_config.json; sourceTree = "<group>"; };
		AFDBBC812CA71D6D0087B143 /* MelSpectrogram.mlmodelc */ = {isa = PBXFileReference; lastKnownFileType = wrapper; path = MelSpectrogram.mlmodelc; sourceTree = "<group>"; };
		AFDBBC822CA71D6D0087B143 /* TextDecoder.mlmodelc */ = {isa = PBXFileReference; lastKnownFileType = wrapper; path = TextDecoder.mlmodelc; sourceTree = "<group>"; };
		AFDBBC842CA71D6D0087B143 /* AudioEncoder.mlmodelc */ = {isa = PBXFileReference; lastKnownFileType = wrapper; path = AudioEncoder.mlmodelc; sourceTree = "<group>"; };
		AFDBBC852CA71D6D0087B143 /* config.json */ = {isa = PBXFileReference; lastKnownFileType = text.json; path = config.json; sourceTree = "<group>"; };
		AFDBBC862CA71D6D0087B143 /* generation_config.json */ = {isa = PBXFileReference; lastKnownFileType = text.json; path = generation_config.json; sourceTree = "<group>"; };
		AFDBBC872CA71D6D0087B143 /* MelSpectrogram.mlmodelc */ = {isa = PBXFileReference; lastKnownFileType = wrapper; path = MelSpectrogram.mlmodelc; sourceTree = "<group>"; };
		AFDBBC882CA71D6D0087B143 /* TextDecoder.mlmodelc */ = {isa = PBXFileReference; lastKnownFileType = wrapper; path = TextDecoder.mlmodelc; sourceTree = "<group>"; };
		AFDBBC892CA71D6D0087B143 /* TextDecoderContextPrefill.mlmodelc */ = {isa = PBXFileReference; lastKnownFileType = wrapper; path = TextDecoderContextPrefill.mlmodelc; sourceTree = "<group>"; };
		AFDBBC8B2CA71D6D0087B143 /* AudioEncoder.mlmodelc */ = {isa = PBXFileReference; lastKnownFileType = wrapper; path = AudioEncoder.mlmodelc; sourceTree = "<group>"; };
		AFDBBC8C2CA71D6D0087B143 /* config.json */ = {isa = PBXFileReference; lastKnownFileType = text.json; path = config.json; sourceTree = "<group>"; };
		AFDBBC8D2CA71D6D0087B143 /* generation_config.json */ = {isa = PBXFileReference; lastKnownFileType = text.json; path = generation_config.json; sourceTree = "<group>"; };
		AFDBBC8E2CA71D6D0087B143 /* MelSpectrogram.mlmodelc */ = {isa = PBXFileReference; lastKnownFileType = wrapper; path = MelSpectrogram.mlmodelc; sourceTree = "<group>"; };
		AFDBBC8F2CA71D6D0087B143 /* TextDecoder.mlmodelc */ = {isa = PBXFileReference; lastKnownFileType = wrapper; path = TextDecoder.mlmodelc; sourceTree = "<group>"; };
		AFDBBC912CA71D6D0087B143 /* AudioEncoder.mlmodelc */ = {isa = PBXFileReference; lastKnownFileType = wrapper; path = AudioEncoder.mlmodelc; sourceTree = "<group>"; };
		AFDBBC922CA71D6D0087B143 /* config.json */ = {isa = PBXFileReference; lastKnownFileType = text.json; path = config.json; sourceTree = "<group>"; };
		AFDBBC932CA71D6D0087B143 /* generation_config.json */ = {isa = PBXFileReference; lastKnownFileType = text.json; path = generation_config.json; sourceTree = "<group>"; };
		AFDBBC942CA71D6D0087B143 /* MelSpectrogram.mlmodelc */ = {isa = PBXFileReference; lastKnownFileType = wrapper; path = MelSpectrogram.mlmodelc; sourceTree = "<group>"; };
		AFDBBC952CA71D6D0087B143 /* TextDecoder.mlmodelc */ = {isa = PBXFileReference; lastKnownFileType = wrapper; path = TextDecoder.mlmodelc; sourceTree = "<group>"; };
		AFDBBC972CA71D6D0087B143 /* AudioEncoder.mlmodelc */ = {isa = PBXFileReference; lastKnownFileType = wrapper; path = AudioEncoder.mlmodelc; sourceTree = "<group>"; };
		AFDBBC982CA71D6D0087B143 /* config.json */ = {isa = PBXFileReference; lastKnownFileType = text.json; path = config.json; sourceTree = "<group>"; };
		AFDBBC992CA71D6D0087B143 /* generation_config.json */ = {isa = PBXFileReference; lastKnownFileType = text.json; path = generation_config.json; sourceTree = "<group>"; };
		AFDBBC9A2CA71D6D0087B143 /* MelSpectrogram.mlmodelc */ = {isa = PBXFileReference; lastKnownFileType = wrapper; path = MelSpectrogram.mlmodelc; sourceTree = "<group>"; };
		AFDBBC9B2CA71D6D0087B143 /* TextDecoder.mlmodelc */ = {isa = PBXFileReference; lastKnownFileType = wrapper; path = TextDecoder.mlmodelc; sourceTree = "<group>"; };
		AFDBBC9C2CA71D6D0087B143 /* TextDecoderContextPrefill.mlmodelc */ = {isa = PBXFileReference; lastKnownFileType = wrapper; path = TextDecoderContextPrefill.mlmodelc; sourceTree = "<group>"; };
		AFDBBC9E2CA71D6D0087B143 /* AudioEncoder.mlmodelc */ = {isa = PBXFileReference; lastKnownFileType = wrapper; path = AudioEncoder.mlmodelc; sourceTree = "<group>"; };
		AFDBBC9F2CA71D6D0087B143 /* config.json */ = {isa = PBXFileReference; lastKnownFileType = text.json; path = config.json; sourceTree = "<group>"; };
		AFDBBCA02CA71D6D0087B143 /* generation_config.json */ = {isa = PBXFileReference; lastKnownFileType = text.json; path = generation_config.json; sourceTree = "<group>"; };
		AFDBBCA12CA71D6D0087B143 /* MelSpectrogram.mlmodelc */ = {isa = PBXFileReference; lastKnownFileType = wrapper; path = MelSpectrogram.mlmodelc; sourceTree = "<group>"; };
		AFDBBCA22CA71D6D0087B143 /* TextDecoder.mlmodelc */ = {isa = PBXFileReference; lastKnownFileType = wrapper; path = TextDecoder.mlmodelc; sourceTree = "<group>"; };
		AFDBBCA32CA71D6D0087B143 /* TextDecoderContextPrefill.mlmodelc */ = {isa = PBXFileReference; lastKnownFileType = wrapper; path = TextDecoderContextPrefill.mlmodelc; sourceTree = "<group>"; };
		AFDBBCA52CA71D6D0087B143 /* AudioEncoder.mlmodelc */ = {isa = PBXFileReference; lastKnownFileType = wrapper; path = AudioEncoder.mlmodelc; sourceTree = "<group>"; };
		AFDBBCA62CA71D6D0087B143 /* config.json */ = {isa = PBXFileReference; lastKnownFileType = text.json; path = config.json; sourceTree = "<group>"; };
		AFDBBCA72CA71D6D0087B143 /* generation_config.json */ = {isa = PBXFileReference; lastKnownFileType = text.json; path = generation_config.json; sourceTree = "<group>"; };
		AFDBBCA82CA71D6D0087B143 /* MelSpectrogram.mlmodelc */ = {isa = PBXFileReference; lastKnownFileType = wrapper; path = MelSpectrogram.mlmodelc; sourceTree = "<group>"; };
		AFDBBCA92CA71D6D0087B143 /* TextDecoder.mlmodelc */ = {isa = PBXFileReference; lastKnownFileType = wrapper; path = TextDecoder.mlmodelc; sourceTree = "<group>"; };
		AFDBBCAB2CA71D6D0087B143 /* AudioEncoder.mlmodelc */ = {isa = PBXFileReference; lastKnownFileType = wrapper; path = AudioEncoder.mlmodelc; sourceTree = "<group>"; };
		AFDBBCAC2CA71D6D0087B143 /* config.json */ = {isa = PBXFileReference; lastKnownFileType = text.json; path = config.json; sourceTree = "<group>"; };
		AFDBBCAD2CA71D6D0087B143 /* generation_config.json */ = {isa = PBXFileReference; lastKnownFileType = text.json; path = generation_config.json; sourceTree = "<group>"; };
		AFDBBCAE2CA71D6D0087B143 /* MelSpectrogram.mlmodelc */ = {isa = PBXFileReference; lastKnownFileType = wrapper; path = MelSpectrogram.mlmodelc; sourceTree = "<group>"; };
		AFDBBCAF2CA71D6D0087B143 /* TextDecoder.mlmodelc */ = {isa = PBXFileReference; lastKnownFileType = wrapper; path = TextDecoder.mlmodelc; sourceTree = "<group>"; };
		AFDBBCB12CA71D6D0087B143 /* AudioEncoder.mlmodelc */ = {isa = PBXFileReference; lastKnownFileType = wrapper; path = AudioEncoder.mlmodelc; sourceTree = "<group>"; };
		AFDBBCB22CA71D6D0087B143 /* config.json */ = {isa = PBXFileReference; lastKnownFileType = text.json; path = config.json; sourceTree = "<group>"; };
		AFDBBCB32CA71D6D0087B143 /* generation_config.json */ = {isa = PBXFileReference; lastKnownFileType = text.json; path = generation_config.json; sourceTree = "<group>"; };
		AFDBBCB42CA71D6D0087B143 /* MelSpectrogram.mlmodelc */ = {isa = PBXFileReference; lastKnownFileType = wrapper; path = MelSpectrogram.mlmodelc; sourceTree = "<group>"; };
		AFDBBCB52CA71D6D0087B143 /* TextDecoder.mlmodelc */ = {isa = PBXFileReference; lastKnownFileType = wrapper; path = TextDecoder.mlmodelc; sourceTree = "<group>"; };
		AFDBBCB72CA71D6D0087B143 /* AudioEncoder.mlmodelc */ = {isa = PBXFileReference; lastKnownFileType = wrapper; path = AudioEncoder.mlmodelc; sourceTree = "<group>"; };
		AFDBBCB82CA71D6D0087B143 /* AudioEncoder.mlpackage */ = {isa = PBXFileReference; lastKnownFileType = folder.mlpackage; path = AudioEncoder.mlpackage; sourceTree = "<group>"; };
		AFDBBCB92CA71D6D0087B143 /* config.json */ = {isa = PBXFileReference; lastKnownFileType = text.json; path = config.json; sourceTree = "<group>"; };
		AFDBBCBA2CA71D6D0087B143 /* generation_config.json */ = {isa = PBXFileReference; lastKnownFileType = text.json; path = generation_config.json; sourceTree = "<group>"; };
		AFDBBCBB2CA71D6D0087B143 /* MelSpectrogram.mlmodelc */ = {isa = PBXFileReference; lastKnownFileType = wrapper; path = MelSpectrogram.mlmodelc; sourceTree = "<group>"; };
		AFDBBCBC2CA71D6D0087B143 /* MelSpectrogram.mlpackage */ = {isa = PBXFileReference; lastKnownFileType = folder.mlpackage; path = MelSpectrogram.mlpackage; sourceTree = "<group>"; };
		AFDBBCBD2CA71D6D0087B143 /* TextDecoder.mlmodelc */ = {isa = PBXFileReference; lastKnownFileType = wrapper; path = TextDecoder.mlmodelc; sourceTree = "<group>"; };
		AFDBBCBE2CA71D6D0087B143 /* TextDecoder.mlpackage */ = {isa = PBXFileReference; lastKnownFileType = folder.mlpackage; path = TextDecoder.mlpackage; sourceTree = "<group>"; };
		AFDBBCC02CA71D6D0087B143 /* .gitattributes */ = {isa = PBXFileReference; lastKnownFileType = text; path = .gitattributes; sourceTree = "<group>"; };
		AFDBBCC12CA71D6D0087B143 /* config.json */ = {isa = PBXFileReference; lastKnownFileType = text.json; path = config.json; sourceTree = "<group>"; };
		AFDBBCC22CA71D6D0087B143 /* README.md */ = {isa = PBXFileReference; lastKnownFileType = net.daringfireball.markdown; path = README.md; sourceTree = "<group>"; };
		AFE603A12CA53C4E00546E70 /* CoreML.framework */ = {isa = PBXFileReference; lastKnownFileType = wrapper.framework; name = CoreML.framework; path = System/Library/Frameworks/CoreML.framework; sourceTree = SDKROOT; };
/* End PBXFileReference section */

/* Begin PBXFrameworksBuildPhase section */
		AF5E68612C9BD7E8008DBC6A /* Frameworks */ = {
			isa = PBXFrameworksBuildPhase;
			buildActionMask = 2147483647;
			files = (
				AF9B204A2CA52F7900838404 /* WhisperKit in Frameworks */,
				AF9B204C2CA52F7E00838404 /* whisperkit-cli in Frameworks */,
				AFE603A22CA53C4E00546E70 /* CoreML.framework in Frameworks */,
				AF5E68962C9BD915008DBC6A /* AVFoundation.framework in Frameworks */,
				AF5E68942C9BD90B008DBC6A /* Vision.framework in Frameworks */,
			);
			runOnlyForDeploymentPostprocessing = 0;
		};
		AF5E68722C9BD7E9008DBC6A /* Frameworks */ = {
			isa = PBXFrameworksBuildPhase;
			buildActionMask = 2147483647;
			files = (
			);
			runOnlyForDeploymentPostprocessing = 0;
		};
		AF5E687C2C9BD7E9008DBC6A /* Frameworks */ = {
			isa = PBXFrameworksBuildPhase;
			buildActionMask = 2147483647;
			files = (
			);
			runOnlyForDeploymentPostprocessing = 0;
		};
/* End PBXFrameworksBuildPhase section */

/* Begin PBXGroup section */
		AF5E685B2C9BD7E8008DBC6A = {
			isa = PBXGroup;
			children = (
				AFDBBCC42CA71D6D0087B143 /* Models */,
				AF5E68662C9BD7E8008DBC6A /* VideoTextDetector */,
				AF5E68782C9BD7E9008DBC6A /* VideoTextDetectorTests */,
				AF5E68822C9BD7E9008DBC6A /* VideoTextDetectorUITests */,
				AF5E68652C9BD7E8008DBC6A /* Products */,
				AF5E68922C9BD90B008DBC6A /* Frameworks */,
			);
			sourceTree = "<group>";
		};
		AF5E68652C9BD7E8008DBC6A /* Products */ = {
			isa = PBXGroup;
			children = (
				AF5E68642C9BD7E8008DBC6A /* VideoTextDetector.app */,
				AF5E68752C9BD7E9008DBC6A /* VideoTextDetectorTests.xctest */,
				AF5E687F2C9BD7E9008DBC6A /* VideoTextDetectorUITests.xctest */,
			);
			name = Products;
			sourceTree = "<group>";
		};
		AF5E68662C9BD7E8008DBC6A /* VideoTextDetector */ = {
			isa = PBXGroup;
			children = (
				AF5E68672C9BD7E8008DBC6A /* VideoTextDetectorApp.swift */,
				AF5E68692C9BD7E8008DBC6A /* ContentView.swift */,
				AF5E686B2C9BD7E9008DBC6A /* Assets.xcassets */,
				AF5E68702C9BD7E9008DBC6A /* VideoTextDetector.entitlements */,
				AF5E686D2C9BD7E9008DBC6A /* Preview Content */,
				AFD935F62C9BDC3E00F07B3C /* VideoProcessor.swift */,
				AFD935F82C9BDC7500F07B3C /* VideoPlayer.swift */,
			);
			path = VideoTextDetector;
			sourceTree = "<group>";
		};
		AF5E686D2C9BD7E9008DBC6A /* Preview Content */ = {
			isa = PBXGroup;
			children = (
				AF5E686E2C9BD7E9008DBC6A /* Preview Assets.xcassets */,
			);
			path = "Preview Content";
			sourceTree = "<group>";
		};
		AF5E68782C9BD7E9008DBC6A /* VideoTextDetectorTests */ = {
			isa = PBXGroup;
			children = (
				AF5E68792C9BD7E9008DBC6A /* VideoTextDetectorTests.swift */,
			);
			path = VideoTextDetectorTests;
			sourceTree = "<group>";
		};
		AF5E68822C9BD7E9008DBC6A /* VideoTextDetectorUITests */ = {
			isa = PBXGroup;
			children = (
				AF5E68832C9BD7E9008DBC6A /* VideoTextDetectorUITests.swift */,
				AF5E68852C9BD7E9008DBC6A /* VideoTextDetectorUITestsLaunchTests.swift */,
			);
			path = VideoTextDetectorUITests;
			sourceTree = "<group>";
		};
		AF5E68922C9BD90B008DBC6A /* Frameworks */ = {
			isa = PBXGroup;
			children = (
				AFE603A12CA53C4E00546E70 /* CoreML.framework */,
				AF5E68952C9BD915008DBC6A /* AVFoundation.framework */,
				AF5E68932C9BD90B008DBC6A /* Vision.framework */,
			);
			name = Frameworks;
			sourceTree = "<group>";
		};
		AFDBBC512CA71D6D0087B143 /* distil-whisper_distil-large-v3 */ = {
			isa = PBXGroup;
			children = (
				AFDBBC4C2CA71D6D0087B143 /* AudioEncoder.mlmodelc */,
				AFDBBC4D2CA71D6D0087B143 /* config.json */,
				AFDBBC4E2CA71D6D0087B143 /* generation_config.json */,
				AFDBBC4F2CA71D6D0087B143 /* MelSpectrogram.mlmodelc */,
				AFDBBC502CA71D6D0087B143 /* TextDecoder.mlmodelc */,
			);
			path = "distil-whisper_distil-large-v3";
			sourceTree = "<group>";
		};
		AFDBBC572CA71D6D0087B143 /* distil-whisper_distil-large-v3_594MB */ = {
			isa = PBXGroup;
			children = (
				AFDBBC522CA71D6D0087B143 /* AudioEncoder.mlmodelc */,
				AFDBBC532CA71D6D0087B143 /* config.json */,
				AFDBBC542CA71D6D0087B143 /* generation_config.json */,
				AFDBBC552CA71D6D0087B143 /* MelSpectrogram.mlmodelc */,
				AFDBBC562CA71D6D0087B143 /* TextDecoder.mlmodelc */,
			);
			path = "distil-whisper_distil-large-v3_594MB";
			sourceTree = "<group>";
		};
		AFDBBC5E2CA71D6D0087B143 /* distil-whisper_distil-large-v3_turbo */ = {
			isa = PBXGroup;
			children = (
				AFDBBC582CA71D6D0087B143 /* AudioEncoder.mlmodelc */,
				AFDBBC592CA71D6D0087B143 /* config.json */,
				AFDBBC5A2CA71D6D0087B143 /* generation_config.json */,
				AFDBBC5B2CA71D6D0087B143 /* MelSpectrogram.mlmodelc */,
				AFDBBC5C2CA71D6D0087B143 /* TextDecoder.mlmodelc */,
				AFDBBC5D2CA71D6D0087B143 /* TextDecoderContextPrefill.mlmodelc */,
			);
			path = "distil-whisper_distil-large-v3_turbo";
			sourceTree = "<group>";
		};
		AFDBBC652CA71D6D0087B143 /* distil-whisper_distil-large-v3_turbo_600MB */ = {
			isa = PBXGroup;
			children = (
				AFDBBC5F2CA71D6D0087B143 /* AudioEncoder.mlmodelc */,
				AFDBBC602CA71D6D0087B143 /* config.json */,
				AFDBBC612CA71D6D0087B143 /* generation_config.json */,
				AFDBBC622CA71D6D0087B143 /* MelSpectrogram.mlmodelc */,
				AFDBBC632CA71D6D0087B143 /* TextDecoder.mlmodelc */,
				AFDBBC642CA71D6D0087B143 /* TextDecoderContextPrefill.mlmodelc */,
			);
			path = "distil-whisper_distil-large-v3_turbo_600MB";
			sourceTree = "<group>";
		};
		AFDBBC6B2CA71D6D0087B143 /* openai_whisper-base */ = {
			isa = PBXGroup;
			children = (
				AFDBBC662CA71D6D0087B143 /* AudioEncoder.mlmodelc */,
				AFDBBC672CA71D6D0087B143 /* config.json */,
				AFDBBC682CA71D6D0087B143 /* generation_config.json */,
				AFDBBC692CA71D6D0087B143 /* MelSpectrogram.mlmodelc */,
				AFDBBC6A2CA71D6D0087B143 /* TextDecoder.mlmodelc */,
			);
			path = "openai_whisper-base";
			sourceTree = "<group>";
		};
		AFDBBC712CA71D6D0087B143 /* openai_whisper-base.en */ = {
			isa = PBXGroup;
			children = (
				AFDBBC6C2CA71D6D0087B143 /* AudioEncoder.mlmodelc */,
				AFDBBC6D2CA71D6D0087B143 /* config.json */,
				AFDBBC6E2CA71D6D0087B143 /* generation_config.json */,
				AFDBBC6F2CA71D6D0087B143 /* MelSpectrogram.mlmodelc */,
				AFDBBC702CA71D6D0087B143 /* TextDecoder.mlmodelc */,
			);
			path = "openai_whisper-base.en";
			sourceTree = "<group>";
		};
		AFDBBC772CA71D6D0087B143 /* openai_whisper-large-v2 */ = {
			isa = PBXGroup;
			children = (
				AFDBBC722CA71D6D0087B143 /* AudioEncoder.mlmodelc */,
				AFDBBC732CA71D6D0087B143 /* config.json */,
				AFDBBC742CA71D6D0087B143 /* generation_config.json */,
				AFDBBC752CA71D6D0087B143 /* MelSpectrogram.mlmodelc */,
				AFDBBC762CA71D6D0087B143 /* TextDecoder.mlmodelc */,
			);
			path = "openai_whisper-large-v2";
			sourceTree = "<group>";
		};
		AFDBBC7D2CA71D6D0087B143 /* openai_whisper-large-v2_949MB */ = {
			isa = PBXGroup;
			children = (
				AFDBBC782CA71D6D0087B143 /* AudioEncoder.mlmodelc */,
				AFDBBC792CA71D6D0087B143 /* config.json */,
				AFDBBC7A2CA71D6D0087B143 /* generation_config.json */,
				AFDBBC7B2CA71D6D0087B143 /* MelSpectrogram.mlmodelc */,
				AFDBBC7C2CA71D6D0087B143 /* TextDecoder.mlmodelc */,
			);
			path = "openai_whisper-large-v2_949MB";
			sourceTree = "<group>";
		};
		AFDBBC832CA71D6D0087B143 /* openai_whisper-large-v2_turbo */ = {
			isa = PBXGroup;
			children = (
				AFDBBC7E2CA71D6D0087B143 /* AudioEncoder.mlmodelc */,
				AFDBBC7F2CA71D6D0087B143 /* config.json */,
				AFDBBC802CA71D6D0087B143 /* generation_config.json */,
				AFDBBC812CA71D6D0087B143 /* MelSpectrogram.mlmodelc */,
				AFDBBC822CA71D6D0087B143 /* TextDecoder.mlmodelc */,
			);
			path = "openai_whisper-large-v2_turbo";
			sourceTree = "<group>";
		};
		AFDBBC8A2CA71D6D0087B143 /* openai_whisper-large-v2_turbo_955MB */ = {
			isa = PBXGroup;
			children = (
				AFDBBC842CA71D6D0087B143 /* AudioEncoder.mlmodelc */,
				AFDBBC852CA71D6D0087B143 /* config.json */,
				AFDBBC862CA71D6D0087B143 /* generation_config.json */,
				AFDBBC872CA71D6D0087B143 /* MelSpectrogram.mlmodelc */,
				AFDBBC882CA71D6D0087B143 /* TextDecoder.mlmodelc */,
				AFDBBC892CA71D6D0087B143 /* TextDecoderContextPrefill.mlmodelc */,
			);
			path = "openai_whisper-large-v2_turbo_955MB";
			sourceTree = "<group>";
		};
		AFDBBC902CA71D6D0087B143 /* openai_whisper-large-v3 */ = {
			isa = PBXGroup;
			children = (
				AFDBBC8B2CA71D6D0087B143 /* AudioEncoder.mlmodelc */,
				AFDBBC8C2CA71D6D0087B143 /* config.json */,
				AFDBBC8D2CA71D6D0087B143 /* generation_config.json */,
				AFDBBC8E2CA71D6D0087B143 /* MelSpectrogram.mlmodelc */,
				AFDBBC8F2CA71D6D0087B143 /* TextDecoder.mlmodelc */,
			);
			path = "openai_whisper-large-v3";
			sourceTree = "<group>";
		};
		AFDBBC962CA71D6D0087B143 /* openai_whisper-large-v3_947MB */ = {
			isa = PBXGroup;
			children = (
				AFDBBC912CA71D6D0087B143 /* AudioEncoder.mlmodelc */,
				AFDBBC922CA71D6D0087B143 /* config.json */,
				AFDBBC932CA71D6D0087B143 /* generation_config.json */,
				AFDBBC942CA71D6D0087B143 /* MelSpectrogram.mlmodelc */,
				AFDBBC952CA71D6D0087B143 /* TextDecoder.mlmodelc */,
			);
			path = "openai_whisper-large-v3_947MB";
			sourceTree = "<group>";
		};
		AFDBBC9D2CA71D6D0087B143 /* openai_whisper-large-v3_turbo */ = {
			isa = PBXGroup;
			children = (
				AFDBBC972CA71D6D0087B143 /* AudioEncoder.mlmodelc */,
				AFDBBC982CA71D6D0087B143 /* config.json */,
				AFDBBC992CA71D6D0087B143 /* generation_config.json */,
				AFDBBC9A2CA71D6D0087B143 /* MelSpectrogram.mlmodelc */,
				AFDBBC9B2CA71D6D0087B143 /* TextDecoder.mlmodelc */,
				AFDBBC9C2CA71D6D0087B143 /* TextDecoderContextPrefill.mlmodelc */,
			);
			path = "openai_whisper-large-v3_turbo";
			sourceTree = "<group>";
		};
		AFDBBCA42CA71D6D0087B143 /* openai_whisper-large-v3_turbo_954MB */ = {
			isa = PBXGroup;
			children = (
				AFDBBC9E2CA71D6D0087B143 /* AudioEncoder.mlmodelc */,
				AFDBBC9F2CA71D6D0087B143 /* config.json */,
				AFDBBCA02CA71D6D0087B143 /* generation_config.json */,
				AFDBBCA12CA71D6D0087B143 /* MelSpectrogram.mlmodelc */,
				AFDBBCA22CA71D6D0087B143 /* TextDecoder.mlmodelc */,
				AFDBBCA32CA71D6D0087B143 /* TextDecoderContextPrefill.mlmodelc */,
			);
			path = "openai_whisper-large-v3_turbo_954MB";
			sourceTree = "<group>";
		};
		AFDBBCAA2CA71D6D0087B143 /* openai_whisper-small */ = {
			isa = PBXGroup;
			children = (
				AFDBBCA52CA71D6D0087B143 /* AudioEncoder.mlmodelc */,
				AFDBBCA62CA71D6D0087B143 /* config.json */,
				AFDBBCA72CA71D6D0087B143 /* generation_config.json */,
				AFDBBCA82CA71D6D0087B143 /* MelSpectrogram.mlmodelc */,
				AFDBBCA92CA71D6D0087B143 /* TextDecoder.mlmodelc */,
			);
			path = "openai_whisper-small";
			sourceTree = "<group>";
		};
		AFDBBCB02CA71D6D0087B143 /* openai_whisper-small.en */ = {
			isa = PBXGroup;
			children = (
				AFDBBCAB2CA71D6D0087B143 /* AudioEncoder.mlmodelc */,
				AFDBBCAC2CA71D6D0087B143 /* config.json */,
				AFDBBCAD2CA71D6D0087B143 /* generation_config.json */,
				AFDBBCAE2CA71D6D0087B143 /* MelSpectrogram.mlmodelc */,
				AFDBBCAF2CA71D6D0087B143 /* TextDecoder.mlmodelc */,
			);
			path = "openai_whisper-small.en";
			sourceTree = "<group>";
		};
		AFDBBCB62CA71D6D0087B143 /* openai_whisper-tiny */ = {
			isa = PBXGroup;
			children = (
				AFDBBCB12CA71D6D0087B143 /* AudioEncoder.mlmodelc */,
				AFDBBCB22CA71D6D0087B143 /* config.json */,
				AFDBBCB32CA71D6D0087B143 /* generation_config.json */,
				AFDBBCB42CA71D6D0087B143 /* MelSpectrogram.mlmodelc */,
				AFDBBCB52CA71D6D0087B143 /* TextDecoder.mlmodelc */,
			);
			path = "openai_whisper-tiny";
			sourceTree = "<group>";
		};
		AFDBBCBF2CA71D6D0087B143 /* openai_whisper-tiny.en */ = {
			isa = PBXGroup;
			children = (
				AFDBBCB72CA71D6D0087B143 /* AudioEncoder.mlmodelc */,
				AFDBBCB82CA71D6D0087B143 /* AudioEncoder.mlpackage */,
				AFDBBCB92CA71D6D0087B143 /* config.json */,
				AFDBBCBA2CA71D6D0087B143 /* generation_config.json */,
				AFDBBCBB2CA71D6D0087B143 /* MelSpectrogram.mlmodelc */,
				AFDBBCBC2CA71D6D0087B143 /* MelSpectrogram.mlpackage */,
				AFDBBCBD2CA71D6D0087B143 /* TextDecoder.mlmodelc */,
				AFDBBCBE2CA71D6D0087B143 /* TextDecoder.mlpackage */,
			);
			path = "openai_whisper-tiny.en";
			sourceTree = "<group>";
		};
		AFDBBCC32CA71D6D0087B143 /* whisperkit-coreml */ = {
			isa = PBXGroup;
			children = (
				AFDBBC512CA71D6D0087B143 /* distil-whisper_distil-large-v3 */,
				AFDBBC572CA71D6D0087B143 /* distil-whisper_distil-large-v3_594MB */,
				AFDBBC5E2CA71D6D0087B143 /* distil-whisper_distil-large-v3_turbo */,
				AFDBBC652CA71D6D0087B143 /* distil-whisper_distil-large-v3_turbo_600MB */,
				AFDBBC6B2CA71D6D0087B143 /* openai_whisper-base */,
				AFDBBC712CA71D6D0087B143 /* openai_whisper-base.en */,
				AFDBBC772CA71D6D0087B143 /* openai_whisper-large-v2 */,
				AFDBBC7D2CA71D6D0087B143 /* openai_whisper-large-v2_949MB */,
				AFDBBC832CA71D6D0087B143 /* openai_whisper-large-v2_turbo */,
				AFDBBC8A2CA71D6D0087B143 /* openai_whisper-large-v2_turbo_955MB */,
				AFDBBC902CA71D6D0087B143 /* openai_whisper-large-v3 */,
				AFDBBC962CA71D6D0087B143 /* openai_whisper-large-v3_947MB */,
				AFDBBC9D2CA71D6D0087B143 /* openai_whisper-large-v3_turbo */,
				AFDBBCA42CA71D6D0087B143 /* openai_whisper-large-v3_turbo_954MB */,
				AFDBBCAA2CA71D6D0087B143 /* openai_whisper-small */,
				AFDBBCB02CA71D6D0087B143 /* openai_whisper-small.en */,
				AFDBBCB62CA71D6D0087B143 /* openai_whisper-tiny */,
				AFDBBCBF2CA71D6D0087B143 /* openai_whisper-tiny.en */,
				AFDBBCC02CA71D6D0087B143 /* .gitattributes */,
				AFDBBCC12CA71D6D0087B143 /* config.json */,
				AFDBBCC22CA71D6D0087B143 /* README.md */,
			);
			path = "whisperkit-coreml";
			sourceTree = "<group>";
		};
		AFDBBCC42CA71D6D0087B143 /* Models */ = {
			isa = PBXGroup;
			children = (
				AFDBBCC32CA71D6D0087B143 /* whisperkit-coreml */,
			);
			path = Models;
			sourceTree = "<group>";
		};
/* End PBXGroup section */

/* Begin PBXNativeTarget section */
		AF5E68632C9BD7E8008DBC6A /* VideoTextDetector */ = {
			isa = PBXNativeTarget;
			buildConfigurationList = AF5E68892C9BD7E9008DBC6A /* Build configuration list for PBXNativeTarget "VideoTextDetector" */;
			buildPhases = (
				AF5E68602C9BD7E8008DBC6A /* Sources */,
				AF5E68612C9BD7E8008DBC6A /* Frameworks */,
				AF5E68622C9BD7E8008DBC6A /* Resources */,
			);
			buildRules = (
				AFDBBCD02CA79AFA0087B143 /* PBXBuildRule */,
			);
			dependencies = (
			);
			name = VideoTextDetector;
			productName = VideoTextDetector;
			productReference = AF5E68642C9BD7E8008DBC6A /* VideoTextDetector.app */;
			productType = "com.apple.product-type.application";
		};
		AF5E68742C9BD7E9008DBC6A /* VideoTextDetectorTests */ = {
			isa = PBXNativeTarget;
			buildConfigurationList = AF5E688C2C9BD7E9008DBC6A /* Build configuration list for PBXNativeTarget "VideoTextDetectorTests" */;
			buildPhases = (
				AF5E68712C9BD7E9008DBC6A /* Sources */,
				AF5E68722C9BD7E9008DBC6A /* Frameworks */,
				AF5E68732C9BD7E9008DBC6A /* Resources */,
			);
			buildRules = (
			);
			dependencies = (
				AF5E68772C9BD7E9008DBC6A /* PBXTargetDependency */,
			);
			name = VideoTextDetectorTests;
			productName = VideoTextDetectorTests;
			productReference = AF5E68752C9BD7E9008DBC6A /* VideoTextDetectorTests.xctest */;
			productType = "com.apple.product-type.bundle.unit-test";
		};
		AF5E687E2C9BD7E9008DBC6A /* VideoTextDetectorUITests */ = {
			isa = PBXNativeTarget;
			buildConfigurationList = AF5E688F2C9BD7E9008DBC6A /* Build configuration list for PBXNativeTarget "VideoTextDetectorUITests" */;
			buildPhases = (
				AF5E687B2C9BD7E9008DBC6A /* Sources */,
				AF5E687C2C9BD7E9008DBC6A /* Frameworks */,
				AF5E687D2C9BD7E9008DBC6A /* Resources */,
			);
			buildRules = (
			);
			dependencies = (
				AF5E68812C9BD7E9008DBC6A /* PBXTargetDependency */,
			);
			name = VideoTextDetectorUITests;
			productName = VideoTextDetectorUITests;
			productReference = AF5E687F2C9BD7E9008DBC6A /* VideoTextDetectorUITests.xctest */;
			productType = "com.apple.product-type.bundle.ui-testing";
		};
/* End PBXNativeTarget section */

/* Begin PBXProject section */
		AF5E685C2C9BD7E8008DBC6A /* Project object */ = {
			isa = PBXProject;
			attributes = {
				BuildIndependentTargetsInParallel = 1;
				LastSwiftUpdateCheck = 1540;
				LastUpgradeCheck = 1600;
				TargetAttributes = {
					AF5E68632C9BD7E8008DBC6A = {
						CreatedOnToolsVersion = 15.4;
					};
					AF5E68742C9BD7E9008DBC6A = {
						CreatedOnToolsVersion = 15.4;
						TestTargetID = AF5E68632C9BD7E8008DBC6A;
					};
					AF5E687E2C9BD7E9008DBC6A = {
						CreatedOnToolsVersion = 15.4;
						TestTargetID = AF5E68632C9BD7E8008DBC6A;
					};
				};
			};
			buildConfigurationList = AF5E685F2C9BD7E8008DBC6A /* Build configuration list for PBXProject "VideoTextDetector" */;
			compatibilityVersion = "Xcode 14.0";
			developmentRegion = en;
			hasScannedForEncodings = 0;
			knownRegions = (
				en,
				Base,
				"zh-Hans",
			);
			mainGroup = AF5E685B2C9BD7E8008DBC6A;
			packageReferences = (
				AF9B20482CA52F6F00838404 /* XCRemoteSwiftPackageReference "whisperkit" */,
			);
			productRefGroup = AF5E68652C9BD7E8008DBC6A /* Products */;
			projectDirPath = "";
			projectRoot = "";
			targets = (
				AF5E68632C9BD7E8008DBC6A /* VideoTextDetector */,
				AF5E68742C9BD7E9008DBC6A /* VideoTextDetectorTests */,
				AF5E687E2C9BD7E9008DBC6A /* VideoTextDetectorUITests */,
			);
		};
/* End PBXProject section */

/* Begin PBXResourcesBuildPhase section */
		AF5E68622C9BD7E8008DBC6A /* Resources */ = {
			isa = PBXResourcesBuildPhase;
			buildActionMask = 2147483647;
			files = (
				AF5E686F2C9BD7E9008DBC6A /* Preview Assets.xcassets in Resources */,
				AF5E686C2C9BD7E9008DBC6A /* Assets.xcassets in Resources */,
			);
			runOnlyForDeploymentPostprocessing = 0;
		};
		AF5E68732C9BD7E9008DBC6A /* Resources */ = {
			isa = PBXResourcesBuildPhase;
			buildActionMask = 2147483647;
			files = (
			);
			runOnlyForDeploymentPostprocessing = 0;
		};
		AF5E687D2C9BD7E9008DBC6A /* Resources */ = {
			isa = PBXResourcesBuildPhase;
			buildActionMask = 2147483647;
			files = (
			);
			runOnlyForDeploymentPostprocessing = 0;
		};
/* End PBXResourcesBuildPhase section */

/* Begin PBXSourcesBuildPhase section */
		AF5E68602C9BD7E8008DBC6A /* Sources */ = {
			isa = PBXSourcesBuildPhase;
			buildActionMask = 2147483647;
			files = (
				AFD935F92C9BDC7500F07B3C /* VideoPlayer.swift in Sources */,
				AFD935F72C9BDC3E00F07B3C /* VideoProcessor.swift in Sources */,
				AF5E686A2C9BD7E8008DBC6A /* ContentView.swift in Sources */,
				AF5E68682C9BD7E8008DBC6A /* VideoTextDetectorApp.swift in Sources */,
			);
			runOnlyForDeploymentPostprocessing = 0;
		};
		AF5E68712C9BD7E9008DBC6A /* Sources */ = {
			isa = PBXSourcesBuildPhase;
			buildActionMask = 2147483647;
			files = (
				AF5E687A2C9BD7E9008DBC6A /* VideoTextDetectorTests.swift in Sources */,
			);
			runOnlyForDeploymentPostprocessing = 0;
		};
		AF5E687B2C9BD7E9008DBC6A /* Sources */ = {
			isa = PBXSourcesBuildPhase;
			buildActionMask = 2147483647;
			files = (
				AF5E68842C9BD7E9008DBC6A /* VideoTextDetectorUITests.swift in Sources */,
				AF5E68862C9BD7E9008DBC6A /* VideoTextDetectorUITestsLaunchTests.swift in Sources */,
			);
			runOnlyForDeploymentPostprocessing = 0;
		};
/* End PBXSourcesBuildPhase section */

/* Begin PBXTargetDependency section */
		AF5E68772C9BD7E9008DBC6A /* PBXTargetDependency */ = {
			isa = PBXTargetDependency;
			target = AF5E68632C9BD7E8008DBC6A /* VideoTextDetector */;
			targetProxy = AF5E68762C9BD7E9008DBC6A /* PBXContainerItemProxy */;
		};
		AF5E68812C9BD7E9008DBC6A /* PBXTargetDependency */ = {
			isa = PBXTargetDependency;
			target = AF5E68632C9BD7E8008DBC6A /* VideoTextDetector */;
			targetProxy = AF5E68802C9BD7E9008DBC6A /* PBXContainerItemProxy */;
		};
/* End PBXTargetDependency section */

/* Begin XCBuildConfiguration section */
		AF5E68872C9BD7E9008DBC6A /* Debug */ = {
			isa = XCBuildConfiguration;
			buildSettings = {
				ALWAYS_SEARCH_USER_PATHS = NO;
				ASSETCATALOG_COMPILER_GENERATE_SWIFT_ASSET_SYMBOL_EXTENSIONS = YES;
				CLANG_ANALYZER_LOCALIZABILITY_NONLOCALIZED = YES;
				CLANG_ANALYZER_NONNULL = YES;
				CLANG_ANALYZER_NUMBER_OBJECT_CONVERSION = YES_AGGRESSIVE;
				CLANG_CXX_LANGUAGE_STANDARD = "gnu++20";
				CLANG_ENABLE_MODULES = YES;
				CLANG_ENABLE_OBJC_ARC = YES;
				CLANG_ENABLE_OBJC_WEAK = YES;
				CLANG_WARN_BLOCK_CAPTURE_AUTORELEASING = YES;
				CLANG_WARN_BOOL_CONVERSION = YES;
				CLANG_WARN_COMMA = YES;
				CLANG_WARN_CONSTANT_CONVERSION = YES;
				CLANG_WARN_DEPRECATED_OBJC_IMPLEMENTATIONS = YES;
				CLANG_WARN_DIRECT_OBJC_ISA_USAGE = YES_ERROR;
				CLANG_WARN_DOCUMENTATION_COMMENTS = YES;
				CLANG_WARN_EMPTY_BODY = YES;
				CLANG_WARN_ENUM_CONVERSION = YES;
				CLANG_WARN_INFINITE_RECURSION = YES;
				CLANG_WARN_INT_CONVERSION = YES;
				CLANG_WARN_NON_LITERAL_NULL_CONVERSION = YES;
				CLANG_WARN_OBJC_IMPLICIT_RETAIN_SELF = YES;
				CLANG_WARN_OBJC_LITERAL_CONVERSION = YES;
				CLANG_WARN_OBJC_ROOT_CLASS = YES_ERROR;
				CLANG_WARN_QUOTED_INCLUDE_IN_FRAMEWORK_HEADER = YES;
				CLANG_WARN_RANGE_LOOP_ANALYSIS = YES;
				CLANG_WARN_STRICT_PROTOTYPES = YES;
				CLANG_WARN_SUSPICIOUS_MOVE = YES;
				CLANG_WARN_UNGUARDED_AVAILABILITY = YES_AGGRESSIVE;
				CLANG_WARN_UNREACHABLE_CODE = YES;
				CLANG_WARN__DUPLICATE_METHOD_MATCH = YES;
				COPY_PHASE_STRIP = NO;
				COREML_COMPILER = "";
				"COREML_COMPILER[arch=*]" = "";
				DEAD_CODE_STRIPPING = YES;
				DEBUG_INFORMATION_FORMAT = dwarf;
				ENABLE_STRICT_OBJC_MSGSEND = YES;
				ENABLE_TESTABILITY = YES;
				ENABLE_USER_SCRIPT_SANDBOXING = YES;
				GCC_C_LANGUAGE_STANDARD = gnu17;
				GCC_DYNAMIC_NO_PIC = NO;
				GCC_NO_COMMON_BLOCKS = YES;
				GCC_OPTIMIZATION_LEVEL = 0;
				GCC_PREPROCESSOR_DEFINITIONS = (
					"DEBUG=1",
					"$(inherited)",
				);
				GCC_WARN_64_TO_32_BIT_CONVERSION = YES;
				GCC_WARN_ABOUT_RETURN_TYPE = YES_ERROR;
				GCC_WARN_UNDECLARED_SELECTOR = YES;
				GCC_WARN_UNINITIALIZED_AUTOS = YES_AGGRESSIVE;
				GCC_WARN_UNUSED_FUNCTION = YES;
				GCC_WARN_UNUSED_VARIABLE = YES;
				LOCALIZATION_PREFERS_STRING_CATALOGS = YES;
				MACOSX_DEPLOYMENT_TARGET = 14.3;
				MTL_ENABLE_DEBUG_INFO = INCLUDE_SOURCE;
				MTL_FAST_MATH = YES;
				ONLY_ACTIVE_ARCH = YES;
				SDKROOT = macosx;
				SWIFT_ACTIVE_COMPILATION_CONDITIONS = "DEBUG $(inherited)";
				SWIFT_OPTIMIZATION_LEVEL = "-Onone";
			};
			name = Debug;
		};
		AF5E68882C9BD7E9008DBC6A /* Release */ = {
			isa = XCBuildConfiguration;
			buildSettings = {
				ALWAYS_SEARCH_USER_PATHS = NO;
				ASSETCATALOG_COMPILER_GENERATE_SWIFT_ASSET_SYMBOL_EXTENSIONS = YES;
				CLANG_ANALYZER_LOCALIZABILITY_NONLOCALIZED = YES;
				CLANG_ANALYZER_NONNULL = YES;
				CLANG_ANALYZER_NUMBER_OBJECT_CONVERSION = YES_AGGRESSIVE;
				CLANG_CXX_LANGUAGE_STANDARD = "gnu++20";
				CLANG_ENABLE_MODULES = YES;
				CLANG_ENABLE_OBJC_ARC = YES;
				CLANG_ENABLE_OBJC_WEAK = YES;
				CLANG_WARN_BLOCK_CAPTURE_AUTORELEASING = YES;
				CLANG_WARN_BOOL_CONVERSION = YES;
				CLANG_WARN_COMMA = YES;
				CLANG_WARN_CONSTANT_CONVERSION = YES;
				CLANG_WARN_DEPRECATED_OBJC_IMPLEMENTATIONS = YES;
				CLANG_WARN_DIRECT_OBJC_ISA_USAGE = YES_ERROR;
				CLANG_WARN_DOCUMENTATION_COMMENTS = YES;
				CLANG_WARN_EMPTY_BODY = YES;
				CLANG_WARN_ENUM_CONVERSION = YES;
				CLANG_WARN_INFINITE_RECURSION = YES;
				CLANG_WARN_INT_CONVERSION = YES;
				CLANG_WARN_NON_LITERAL_NULL_CONVERSION = YES;
				CLANG_WARN_OBJC_IMPLICIT_RETAIN_SELF = YES;
				CLANG_WARN_OBJC_LITERAL_CONVERSION = YES;
				CLANG_WARN_OBJC_ROOT_CLASS = YES_ERROR;
				CLANG_WARN_QUOTED_INCLUDE_IN_FRAMEWORK_HEADER = YES;
				CLANG_WARN_RANGE_LOOP_ANALYSIS = YES;
				CLANG_WARN_STRICT_PROTOTYPES = YES;
				CLANG_WARN_SUSPICIOUS_MOVE = YES;
				CLANG_WARN_UNGUARDED_AVAILABILITY = YES_AGGRESSIVE;
				CLANG_WARN_UNREACHABLE_CODE = YES;
				CLANG_WARN__DUPLICATE_METHOD_MATCH = YES;
				COPY_PHASE_STRIP = NO;
				COREML_COMPILER = "";
				DEAD_CODE_STRIPPING = YES;
				DEBUG_INFORMATION_FORMAT = "dwarf-with-dsym";
				ENABLE_NS_ASSERTIONS = NO;
				ENABLE_STRICT_OBJC_MSGSEND = YES;
				ENABLE_USER_SCRIPT_SANDBOXING = YES;
				GCC_C_LANGUAGE_STANDARD = gnu17;
				GCC_NO_COMMON_BLOCKS = YES;
				GCC_WARN_64_TO_32_BIT_CONVERSION = YES;
				GCC_WARN_ABOUT_RETURN_TYPE = YES_ERROR;
				GCC_WARN_UNDECLARED_SELECTOR = YES;
				GCC_WARN_UNINITIALIZED_AUTOS = YES_AGGRESSIVE;
				GCC_WARN_UNUSED_FUNCTION = YES;
				GCC_WARN_UNUSED_VARIABLE = YES;
				LOCALIZATION_PREFERS_STRING_CATALOGS = YES;
				MACOSX_DEPLOYMENT_TARGET = 14.3;
				MTL_ENABLE_DEBUG_INFO = NO;
				MTL_FAST_MATH = YES;
				SDKROOT = macosx;
				SWIFT_COMPILATION_MODE = wholemodule;
			};
			name = Release;
		};
		AF5E688A2C9BD7E9008DBC6A /* Debug */ = {
			isa = XCBuildConfiguration;
			buildSettings = {
				ASSETCATALOG_COMPILER_APPICON_NAME = AppIcon;
				ASSETCATALOG_COMPILER_GLOBAL_ACCENT_COLOR_NAME = AccentColor;
				CODE_SIGN_ENTITLEMENTS = VideoTextDetector/VideoTextDetector.entitlements;
				CODE_SIGN_STYLE = Automatic;
				COMBINE_HIDPI_IMAGES = YES;
				CURRENT_PROJECT_VERSION = 1;
				DEAD_CODE_STRIPPING = YES;
				DEVELOPMENT_ASSET_PATHS = "\"VideoTextDetector/Preview Content\"";
				DEVELOPMENT_TEAM = J2KLM3UFGQ;
				ENABLE_HARDENED_RUNTIME = YES;
				ENABLE_PREVIEWS = YES;
				GENERATE_INFOPLIST_FILE = YES;
				INFOPLIST_KEY_NSHumanReadableCopyright = "";
				LD_RUNPATH_SEARCH_PATHS = (
					"$(inherited)",
					"@executable_path/../Frameworks",
				);
				MARKETING_VERSION = 1.0;
				PRODUCT_BUNDLE_IDENTIFIER = com.VideoTextDetector;
				PRODUCT_NAME = "$(TARGET_NAME)";
				SWIFT_EMIT_LOC_STRINGS = YES;
				SWIFT_VERSION = 5.0;
			};
			name = Debug;
		};
		AF5E688B2C9BD7E9008DBC6A /* Release */ = {
			isa = XCBuildConfiguration;
			buildSettings = {
				ASSETCATALOG_COMPILER_APPICON_NAME = AppIcon;
				ASSETCATALOG_COMPILER_GLOBAL_ACCENT_COLOR_NAME = AccentColor;
				CODE_SIGN_ENTITLEMENTS = VideoTextDetector/VideoTextDetector.entitlements;
				CODE_SIGN_STYLE = Automatic;
				COMBINE_HIDPI_IMAGES = YES;
				CURRENT_PROJECT_VERSION = 1;
				DEAD_CODE_STRIPPING = YES;
				DEVELOPMENT_ASSET_PATHS = "\"VideoTextDetector/Preview Content\"";
				DEVELOPMENT_TEAM = J2KLM3UFGQ;
				ENABLE_HARDENED_RUNTIME = YES;
				ENABLE_PREVIEWS = YES;
				GENERATE_INFOPLIST_FILE = YES;
				INFOPLIST_KEY_NSHumanReadableCopyright = "";
				LD_RUNPATH_SEARCH_PATHS = (
					"$(inherited)",
					"@executable_path/../Frameworks",
				);
				MARKETING_VERSION = 1.0;
				PRODUCT_BUNDLE_IDENTIFIER = com.VideoTextDetector;
				PRODUCT_NAME = "$(TARGET_NAME)";
				SWIFT_EMIT_LOC_STRINGS = YES;
				SWIFT_VERSION = 5.0;
			};
			name = Release;
		};
		AF5E688D2C9BD7E9008DBC6A /* Debug */ = {
			isa = XCBuildConfiguration;
			buildSettings = {
				BUNDLE_LOADER = "$(TEST_HOST)";
				CODE_SIGN_STYLE = Automatic;
				CURRENT_PROJECT_VERSION = 1;
				DEAD_CODE_STRIPPING = YES;
				DEVELOPMENT_TEAM = J2KLM3UFGQ;
				GENERATE_INFOPLIST_FILE = YES;
				MACOSX_DEPLOYMENT_TARGET = 14.3;
				MARKETING_VERSION = 1.0;
				PRODUCT_BUNDLE_IDENTIFIER = com.VideoTextDetectorTests;
				PRODUCT_NAME = "$(TARGET_NAME)";
				SWIFT_EMIT_LOC_STRINGS = NO;
				SWIFT_VERSION = 5.0;
				TEST_HOST = "$(BUILT_PRODUCTS_DIR)/VideoTextDetector.app/$(BUNDLE_EXECUTABLE_FOLDER_PATH)/VideoTextDetector";
			};
			name = Debug;
		};
		AF5E688E2C9BD7E9008DBC6A /* Release */ = {
			isa = XCBuildConfiguration;
			buildSettings = {
				BUNDLE_LOADER = "$(TEST_HOST)";
				CODE_SIGN_STYLE = Automatic;
				CURRENT_PROJECT_VERSION = 1;
				DEAD_CODE_STRIPPING = YES;
				DEVELOPMENT_TEAM = J2KLM3UFGQ;
				GENERATE_INFOPLIST_FILE = YES;
				MACOSX_DEPLOYMENT_TARGET = 14.3;
				MARKETING_VERSION = 1.0;
				PRODUCT_BUNDLE_IDENTIFIER = com.VideoTextDetectorTests;
				PRODUCT_NAME = "$(TARGET_NAME)";
				SWIFT_EMIT_LOC_STRINGS = NO;
				SWIFT_VERSION = 5.0;
				TEST_HOST = "$(BUILT_PRODUCTS_DIR)/VideoTextDetector.app/$(BUNDLE_EXECUTABLE_FOLDER_PATH)/VideoTextDetector";
			};
			name = Release;
		};
		AF5E68902C9BD7E9008DBC6A /* Debug */ = {
			isa = XCBuildConfiguration;
			buildSettings = {
				CODE_SIGN_STYLE = Automatic;
				CURRENT_PROJECT_VERSION = 1;
				DEAD_CODE_STRIPPING = YES;
				DEVELOPMENT_TEAM = J2KLM3UFGQ;
				GENERATE_INFOPLIST_FILE = YES;
				MARKETING_VERSION = 1.0;
				PRODUCT_BUNDLE_IDENTIFIER = com.VideoTextDetectorUITests;
				PRODUCT_NAME = "$(TARGET_NAME)";
				SWIFT_EMIT_LOC_STRINGS = NO;
				SWIFT_VERSION = 5.0;
				TEST_TARGET_NAME = VideoTextDetector;
			};
			name = Debug;
		};
		AF5E68912C9BD7E9008DBC6A /* Release */ = {
			isa = XCBuildConfiguration;
			buildSettings = {
				CODE_SIGN_STYLE = Automatic;
				CURRENT_PROJECT_VERSION = 1;
				DEAD_CODE_STRIPPING = YES;
				DEVELOPMENT_TEAM = J2KLM3UFGQ;
				GENERATE_INFOPLIST_FILE = YES;
				MARKETING_VERSION = 1.0;
				PRODUCT_BUNDLE_IDENTIFIER = com.VideoTextDetectorUITests;
				PRODUCT_NAME = "$(TARGET_NAME)";
				SWIFT_EMIT_LOC_STRINGS = NO;
				SWIFT_VERSION = 5.0;
				TEST_TARGET_NAME = VideoTextDetector;
			};
			name = Release;
		};
/* End XCBuildConfiguration section */

/* Begin XCConfigurationList section */
		AF5E685F2C9BD7E8008DBC6A /* Build configuration list for PBXProject "VideoTextDetector" */ = {
			isa = XCConfigurationList;
			buildConfigurations = (
				AF5E68872C9BD7E9008DBC6A /* Debug */,
				AF5E68882C9BD7E9008DBC6A /* Release */,
			);
			defaultConfigurationIsVisible = 0;
			defaultConfigurationName = Release;
		};
		AF5E68892C9BD7E9008DBC6A /* Build configuration list for PBXNativeTarget "VideoTextDetector" */ = {
			isa = XCConfigurationList;
			buildConfigurations = (
				AF5E688A2C9BD7E9008DBC6A /* Debug */,
				AF5E688B2C9BD7E9008DBC6A /* Release */,
			);
			defaultConfigurationIsVisible = 0;
			defaultConfigurationName = Release;
		};
		AF5E688C2C9BD7E9008DBC6A /* Build configuration list for PBXNativeTarget "VideoTextDetectorTests" */ = {
			isa = XCConfigurationList;
			buildConfigurations = (
				AF5E688D2C9BD7E9008DBC6A /* Debug */,
				AF5E688E2C9BD7E9008DBC6A /* Release */,
			);
			defaultConfigurationIsVisible = 0;
			defaultConfigurationName = Release;
		};
		AF5E688F2C9BD7E9008DBC6A /* Build configuration list for PBXNativeTarget "VideoTextDetectorUITests" */ = {
			isa = XCConfigurationList;
			buildConfigurations = (
				AF5E68902C9BD7E9008DBC6A /* Debug */,
				AF5E68912C9BD7E9008DBC6A /* Release */,
			);
			defaultConfigurationIsVisible = 0;
			defaultConfigurationName = Release;
		};
/* End XCConfigurationList section */

/* Begin XCRemoteSwiftPackageReference section */
		AF9B20482CA52F6F00838404 /* XCRemoteSwiftPackageReference "whisperkit" */ = {
			isa = XCRemoteSwiftPackageReference;
			repositoryURL = "https://github.com/argmaxinc/whisperkit.git";
			requirement = {
				kind = exactVersion;
				version = 0.8.0;
			};
		};
/* End XCRemoteSwiftPackageReference section */

/* Begin XCSwiftPackageProductDependency section */
		AF9B20492CA52F7900838404 /* WhisperKit */ = {
			isa = XCSwiftPackageProductDependency;
			package = AF9B20482CA52F6F00838404 /* XCRemoteSwiftPackageReference "whisperkit" */;
			productName = WhisperKit;
		};
		AF9B204B2CA52F7E00838404 /* whisperkit-cli */ = {
			isa = XCSwiftPackageProductDependency;
			package = AF9B20482CA52F6F00838404 /* XCRemoteSwiftPackageReference "whisperkit" */;
			productName = "whisperkit-cli";
		};
/* End XCSwiftPackageProductDependency section */
	};
	rootObject = AF5E685C2C9BD7E8008DBC6A /* Project object */;
}
